
Microsoft Visual Studio Solution File, Format Version 12.00
# Visual Studio Version 16
VisualStudioVersion = 16.0.29519.87
MinimumVisualStudioVersion = 10.0.40219.1
Project("{9A19103F-16F7-4668-BE54-9A1E7A4F7556}") = "Day01", "Day01\Day01.csproj", "{D6878D0B-2350-44D1-8990-7C2C1123E940}"
EndProject
Project("{9A19103F-16F7-4668-BE54-9A1E7A4F7556}") = "Day02", "Day02\Day02.csproj", "{D0B87474-3C12-4420-BA26-1B043847F344}"
EndProject
Project("{9A19103F-16F7-4668-BE54-9A1E7A4F7556}") = "Day03", "Day03\Day03.csproj", "{F40209A6-F8B3-42DC-820A-24D7C36E4525}"
EndProject
Project("{FAE04EC0-301F-11D3-BF4B-00C04F79EFBC}") = "Day04", "Day04\Day04.csproj", "{A011EA42-ED16-421E-876D-A85DB1EED799}"
EndProject
Project("{FAE04EC0-301F-11D3-BF4B-00C04F79EFBC}") = "Day05", "Day05\Day05.csproj", "{3C890CCC-211B-4533-A464-726B0B607539}"
EndProject
Project("{FAE04EC0-301F-11D3-BF4B-00C04F79EFBC}") = "Day06", "Day06\Day06.csproj", "{E2542DB5-81FA-4E8F-B2F0-04F0FC189965}"
EndProject
Project("{FAE04EC0-301F-11D3-BF4B-00C04F79EFBC}") = "Day07", "Day07\Day07.csproj", "{863005BA-F008-4915-8F5A-2405CA89C9C9}"
EndProject
Project("{FAE04EC0-301F-11D3-BF4B-00C04F79EFBC}") = "Day08", "Day08\Day08.csproj", "{551E13D5-C09E-4880-AF06-F599763BF3FB}"
EndProject
Project("{FAE04EC0-301F-11D3-BF4B-00C04F79EFBC}") = "Day09", "Day09\Day09.csproj", "{8D8751F5-3ACF-4BF3-A395-3434E345C476}"
EndProject
Project("{FAE04EC0-301F-11D3-BF4B-00C04F79EFBC}") = "Day10", "Day10\Day10.csproj", "{74F609DF-DFED-49D9-938B-83B25B33C584}"
EndProject
Project("{FAE04EC0-301F-11D3-BF4B-00C04F79EFBC}") = "Day11", "Day11\Day11.csproj", "{A059DBC5-5EBC-4618-843E-C63D29A6A08A}"
EndProject
Project("{FAE04EC0-301F-11D3-BF4B-00C04F79EFBC}") = "Day12", "Day12\Day12.csproj", "{821BA56F-7B81-4445-BE9C-C663AACD099C}"
EndProject
Project("{FAE04EC0-301F-11D3-BF4B-00C04F79EFBC}") = "Day13", "Day13\Day13.csproj", "{E9042308-C527-4B02-AB74-71A2DF2CA7D1}"
EndProject
Project("{FAE04EC0-301F-11D3-BF4B-00C04F79EFBC}") = "Day14", "Day14\Day14.csproj", "{6EB5CF54-3761-4201-9BFA-AB2C69369A4A}"
EndProject
Project("{FAE04EC0-301F-11D3-BF4B-00C04F79EFBC}") = "Day15", "Day15\Day15.csproj", "{73AE5458-7D4B-46C6-94F5-50F3CE5BCA01}"
EndProject
Project("{FAE04EC0-301F-11D3-BF4B-00C04F79EFBC}") = "Day16", "Day16\Day16.csproj", "{36C578FF-4501-4BFA-9334-0C8E10217464}"
EndProject
Project("{FAE04EC0-301F-11D3-BF4B-00C04F79EFBC}") = "Day17", "Day17\Day17.csproj", "{F9BDF380-1701-4FFE-97EB-29E1AE04A4BC}"
EndProject
Project("{FAE04EC0-301F-11D3-BF4B-00C04F79EFBC}") = "Day18", "Day18\Day18.csproj", "{139CF5B8-8AAB-48AF-952D-B80694B44CEA}"
EndProject
Project("{FAE04EC0-301F-11D3-BF4B-00C04F79EFBC}") = "Day19", "Day19\Day19.csproj", "{5364C802-AFAD-43A6-A5BD-7E855B5FA3D3}"
EndProject
Project("{FAE04EC0-301F-11D3-BF4B-00C04F79EFBC}") = "Day20", "Day20\Day20.csproj", "{412B9101-01C1-43AD-8954-34EA227C93EA}"
EndProject
Project("{FAE04EC0-301F-11D3-BF4B-00C04F79EFBC}") = "Day21", "Day21\Day21.csproj", "{BFEE2509-FE81-444E-A70B-AF4A1920493C}"
EndProject
Project("{FAE04EC0-301F-11D3-BF4B-00C04F79EFBC}") = "Day22", "Day22\Day22.csproj", "{6A1ED919-24BA-4CA8-B195-1EAB27589CF0}"
EndProject
Project("{FAE04EC0-301F-11D3-BF4B-00C04F79EFBC}") = "Day23", "Day23\Day23.csproj", "{33B7D4F1-AAFE-44EE-8A8E-1D470B1C3DBC}"
EndProject
Project("{FAE04EC0-301F-11D3-BF4B-00C04F79EFBC}") = "Day24", "Day24\Day24.csproj", "{E5357819-D0A1-4D65-A0EE-DB5501DD8B84}"
EndProject
Project("{FAE04EC0-301F-11D3-BF4B-00C04F79EFBC}") = "Day25", "Day25\Day25.csproj", "{EEFC46B4-B333-4EBE-A935-45FA189C4C17}"
EndProject
Global
	GlobalSection(SolutionConfigurationPlatforms) = preSolution
		Debug|Any CPU = Debug|Any CPU
		Release|Any CPU = Release|Any CPU
	EndGlobalSection
	GlobalSection(ProjectConfigurationPlatforms) = postSolution
		{D6878D0B-2350-44D1-8990-7C2C1123E940}.Debug|Any CPU.ActiveCfg = Debug|Any CPU
		{D6878D0B-2350-44D1-8990-7C2C1123E940}.Debug|Any CPU.Build.0 = Debug|Any CPU
		{D6878D0B-2350-44D1-8990-7C2C1123E940}.Release|Any CPU.ActiveCfg = Release|Any CPU
		{D6878D0B-2350-44D1-8990-7C2C1123E940}.Release|Any CPU.Build.0 = Release|Any CPU
		{D0B87474-3C12-4420-BA26-1B043847F344}.Debug|Any CPU.ActiveCfg = Debug|Any CPU
		{D0B87474-3C12-4420-BA26-1B043847F344}.Debug|Any CPU.Build.0 = Debug|Any CPU
		{D0B87474-3C12-4420-BA26-1B043847F344}.Release|Any CPU.ActiveCfg = Release|Any CPU
		{D0B87474-3C12-4420-BA26-1B043847F344}.Release|Any CPU.Build.0 = Release|Any CPU
		{F40209A6-F8B3-42DC-820A-24D7C36E4525}.Debug|Any CPU.ActiveCfg = Debug|Any CPU
		{F40209A6-F8B3-42DC-820A-24D7C36E4525}.Debug|Any CPU.Build.0 = Debug|Any CPU
		{F40209A6-F8B3-42DC-820A-24D7C36E4525}.Release|Any CPU.ActiveCfg = Release|Any CPU
		{F40209A6-F8B3-42DC-820A-24D7C36E4525}.Release|Any CPU.Build.0 = Release|Any CPU
		{A011EA42-ED16-421E-876D-A85DB1EED799}.Debug|Any CPU.ActiveCfg = Debug|Any CPU
		{A011EA42-ED16-421E-876D-A85DB1EED799}.Debug|Any CPU.Build.0 = Debug|Any CPU
		{A011EA42-ED16-421E-876D-A85DB1EED799}.Release|Any CPU.ActiveCfg = Release|Any CPU
		{A011EA42-ED16-421E-876D-A85DB1EED799}.Release|Any CPU.Build.0 = Release|Any CPU
		{3C890CCC-211B-4533-A464-726B0B607539}.Debug|Any CPU.ActiveCfg = Debug|Any CPU
		{3C890CCC-211B-4533-A464-726B0B607539}.Debug|Any CPU.Build.0 = Debug|Any CPU
		{3C890CCC-211B-4533-A464-726B0B607539}.Release|Any CPU.ActiveCfg = Release|Any CPU
		{3C890CCC-211B-4533-A464-726B0B607539}.Release|Any CPU.Build.0 = Release|Any CPU
		{E2542DB5-81FA-4E8F-B2F0-04F0FC189965}.Debug|Any CPU.ActiveCfg = Debug|Any CPU
		{E2542DB5-81FA-4E8F-B2F0-04F0FC189965}.Debug|Any CPU.Build.0 = Debug|Any CPU
		{E2542DB5-81FA-4E8F-B2F0-04F0FC189965}.Release|Any CPU.ActiveCfg = Release|Any CPU
		{E2542DB5-81FA-4E8F-B2F0-04F0FC189965}.Release|Any CPU.Build.0 = Release|Any CPU
		{863005BA-F008-4915-8F5A-2405CA89C9C9}.Debug|Any CPU.ActiveCfg = Debug|Any CPU
		{863005BA-F008-4915-8F5A-2405CA89C9C9}.Debug|Any CPU.Build.0 = Debug|Any CPU
		{863005BA-F008-4915-8F5A-2405CA89C9C9}.Release|Any CPU.ActiveCfg = Release|Any CPU
		{863005BA-F008-4915-8F5A-2405CA89C9C9}.Release|Any CPU.Build.0 = Release|Any CPU
		{551E13D5-C09E-4880-AF06-F599763BF3FB}.Debug|Any CPU.ActiveCfg = Debug|Any CPU
		{551E13D5-C09E-4880-AF06-F599763BF3FB}.Debug|Any CPU.Build.0 = Debug|Any CPU
		{551E13D5-C09E-4880-AF06-F599763BF3FB}.Release|Any CPU.ActiveCfg = Release|Any CPU
		{551E13D5-C09E-4880-AF06-F599763BF3FB}.Release|Any CPU.Build.0 = Release|Any CPU
		{8D8751F5-3ACF-4BF3-A395-3434E345C476}.Debug|Any CPU.ActiveCfg = Debug|Any CPU
		{8D8751F5-3ACF-4BF3-A395-3434E345C476}.Debug|Any CPU.Build.0 = Debug|Any CPU
		{8D8751F5-3ACF-4BF3-A395-3434E345C476}.Release|Any CPU.ActiveCfg = Release|Any CPU
		{8D8751F5-3ACF-4BF3-A395-3434E345C476}.Release|Any CPU.Build.0 = Release|Any CPU
		{74F609DF-DFED-49D9-938B-83B25B33C584}.Debug|Any CPU.ActiveCfg = Debug|Any CPU
		{74F609DF-DFED-49D9-938B-83B25B33C584}.Debug|Any CPU.Build.0 = Debug|Any CPU
		{74F609DF-DFED-49D9-938B-83B25B33C584}.Release|Any CPU.ActiveCfg = Release|Any CPU
		{74F609DF-DFED-49D9-938B-83B25B33C584}.Release|Any CPU.Build.0 = Release|Any CPU
		{A059DBC5-5EBC-4618-843E-C63D29A6A08A}.Debug|Any CPU.ActiveCfg = Debug|Any CPU
		{A059DBC5-5EBC-4618-843E-C63D29A6A08A}.Debug|Any CPU.Build.0 = Debug|Any CPU
		{A059DBC5-5EBC-4618-843E-C63D29A6A08A}.Release|Any CPU.ActiveCfg = Release|Any CPU
		{A059DBC5-5EBC-4618-843E-C63D29A6A08A}.Release|Any CPU.Build.0 = Release|Any CPU
		{821BA56F-7B81-4445-BE9C-C663AACD099C}.Debug|Any CPU.ActiveCfg = Debug|Any CPU
		{821BA56F-7B81-4445-BE9C-C663AACD099C}.Debug|Any CPU.Build.0 = Debug|Any CPU
		{821BA56F-7B81-4445-BE9C-C663AACD099C}.Release|Any CPU.ActiveCfg = Release|Any CPU
		{821BA56F-7B81-4445-BE9C-C663AACD099C}.Release|Any CPU.Build.0 = Release|Any CPU
		{E9042308-C527-4B02-AB74-71A2DF2CA7D1}.Debug|Any CPU.ActiveCfg = Debug|Any CPU
		{E9042308-C527-4B02-AB74-71A2DF2CA7D1}.Debug|Any CPU.Build.0 = Debug|Any CPU
		{E9042308-C527-4B02-AB74-71A2DF2CA7D1}.Release|Any CPU.ActiveCfg = Release|Any CPU
		{E9042308-C527-4B02-AB74-71A2DF2CA7D1}.Release|Any CPU.Build.0 = Release|Any CPU
		{6EB5CF54-3761-4201-9BFA-AB2C69369A4A}.Debug|Any CPU.ActiveCfg = Debug|Any CPU
		{6EB5CF54-3761-4201-9BFA-AB2C69369A4A}.Debug|Any CPU.Build.0 = Debug|Any CPU
		{6EB5CF54-3761-4201-9BFA-AB2C69369A4A}.Release|Any CPU.ActiveCfg = Release|Any CPU
		{6EB5CF54-3761-4201-9BFA-AB2C69369A4A}.Release|Any CPU.Build.0 = Release|Any CPU
		{73AE5458-7D4B-46C6-94F5-50F3CE5BCA01}.Debug|Any CPU.ActiveCfg = Debug|Any CPU
		{73AE5458-7D4B-46C6-94F5-50F3CE5BCA01}.Debug|Any CPU.Build.0 = Debug|Any CPU
		{73AE5458-7D4B-46C6-94F5-50F3CE5BCA01}.Release|Any CPU.ActiveCfg = Release|Any CPU
		{73AE5458-7D4B-46C6-94F5-50F3CE5BCA01}.Release|Any CPU.Build.0 = Release|Any CPU
		{36C578FF-4501-4BFA-9334-0C8E10217464}.Debug|Any CPU.ActiveCfg = Debug|Any CPU
		{36C578FF-4501-4BFA-9334-0C8E10217464}.Debug|Any CPU.Build.0 = Debug|Any CPU
		{36C578FF-4501-4BFA-9334-0C8E10217464}.Release|Any CPU.ActiveCfg = Release|Any CPU
		{36C578FF-4501-4BFA-9334-0C8E10217464}.Release|Any CPU.Build.0 = Release|Any CPU
		{F9BDF380-1701-4FFE-97EB-29E1AE04A4BC}.Debug|Any CPU.ActiveCfg = Debug|Any CPU
		{F9BDF380-1701-4FFE-97EB-29E1AE04A4BC}.Debug|Any CPU.Build.0 = Debug|Any CPU
		{F9BDF380-1701-4FFE-97EB-29E1AE04A4BC}.Release|Any CPU.ActiveCfg = Release|Any CPU
		{F9BDF380-1701-4FFE-97EB-29E1AE04A4BC}.Release|Any CPU.Build.0 = Release|Any CPU
		{139CF5B8-8AAB-48AF-952D-B80694B44CEA}.Debug|Any CPU.ActiveCfg = Debug|Any CPU
		{139CF5B8-8AAB-48AF-952D-B80694B44CEA}.Debug|Any CPU.Build.0 = Debug|Any CPU
		{139CF5B8-8AAB-48AF-952D-B80694B44CEA}.Release|Any CPU.ActiveCfg = Release|Any CPU
		{139CF5B8-8AAB-48AF-952D-B80694B44CEA}.Release|Any CPU.Build.0 = Release|Any CPU
		{5364C802-AFAD-43A6-A5BD-7E855B5FA3D3}.Debug|Any CPU.ActiveCfg = Debug|Any CPU
		{5364C802-AFAD-43A6-A5BD-7E855B5FA3D3}.Debug|Any CPU.Build.0 = Debug|Any CPU
		{5364C802-AFAD-43A6-A5BD-7E855B5FA3D3}.Release|Any CPU.ActiveCfg = Release|Any CPU
		{5364C802-AFAD-43A6-A5BD-7E855B5FA3D3}.Release|Any CPU.Build.0 = Release|Any CPU
		{412B9101-01C1-43AD-8954-34EA227C93EA}.Debug|Any CPU.ActiveCfg = Debug|Any CPU
		{412B9101-01C1-43AD-8954-34EA227C93EA}.Debug|Any CPU.Build.0 = Debug|Any CPU
		{412B9101-01C1-43AD-8954-34EA227C93EA}.Release|Any CPU.ActiveCfg = Release|Any CPU
		{412B9101-01C1-43AD-8954-34EA227C93EA}.Release|Any CPU.Build.0 = Release|Any CPU
		{BFEE2509-FE81-444E-A70B-AF4A1920493C}.Debug|Any CPU.ActiveCfg = Debug|Any CPU
		{BFEE2509-FE81-444E-A70B-AF4A1920493C}.Debug|Any CPU.Build.0 = Debug|Any CPU
		{BFEE2509-FE81-444E-A70B-AF4A1920493C}.Release|Any CPU.ActiveCfg = Release|Any CPU
		{BFEE2509-FE81-444E-A70B-AF4A1920493C}.Release|Any CPU.Build.0 = Release|Any CPU
		{6A1ED919-24BA-4CA8-B195-1EAB27589CF0}.Debug|Any CPU.ActiveCfg = Debug|Any CPU
		{6A1ED919-24BA-4CA8-B195-1EAB27589CF0}.Debug|Any CPU.Build.0 = Debug|Any CPU
		{6A1ED919-24BA-4CA8-B195-1EAB27589CF0}.Release|Any CPU.ActiveCfg = Release|Any CPU
		{6A1ED919-24BA-4CA8-B195-1EAB27589CF0}.Release|Any CPU.Build.0 = Release|Any CPU
		{33B7D4F1-AAFE-44EE-8A8E-1D470B1C3DBC}.Debug|Any CPU.ActiveCfg = Debug|Any CPU
		{33B7D4F1-AAFE-44EE-8A8E-1D470B1C3DBC}.Debug|Any CPU.Build.0 = Debug|Any CPU
		{33B7D4F1-AAFE-44EE-8A8E-1D470B1C3DBC}.Release|Any CPU.ActiveCfg = Release|Any CPU
		{33B7D4F1-AAFE-44EE-8A8E-1D470B1C3DBC}.Release|Any CPU.Build.0 = Release|Any CPU
		{E5357819-D0A1-4D65-A0EE-DB5501DD8B84}.Debug|Any CPU.ActiveCfg = Debug|Any CPU
		{E5357819-D0A1-4D65-A0EE-DB5501DD8B84}.Debug|Any CPU.Build.0 = Debug|Any CPU
		{E5357819-D0A1-4D65-A0EE-DB5501DD8B84}.Release|Any CPU.ActiveCfg = Release|Any CPU
		{E5357819-D0A1-4D65-A0EE-DB5501DD8B84}.Release|Any CPU.Build.0 = Release|Any CPU
		{EEFC46B4-B333-4EBE-A935-45FA189C4C17}.Debug|Any CPU.ActiveCfg = Debug|Any CPU
		{EEFC46B4-B333-4EBE-A935-45FA189C4C17}.Debug|Any CPU.Build.0 = Debug|Any CPU
		{EEFC46B4-B333-4EBE-A935-45FA189C4C17}.Release|Any CPU.ActiveCfg = Release|Any CPU
		{EEFC46B4-B333-4EBE-A935-45FA189C4C17}.Release|Any CPU.Build.0 = Release|Any CPU
	EndGlobalSection
	GlobalSection(SolutionProperties) = preSolution
		HideSolutionNode = FALSE
	EndGlobalSection
	GlobalSection(ExtensibilityGlobals) = postSolution
		SolutionGuid = {F51FD449-D6C0-4464-8231-3E9F2716B41A}
	EndGlobalSection
EndGlobal
